
Microsoft Visual Studio Solution File, Format Version 12.00
# Visual Studio 14
VisualStudioVersion = 14.0.25420.1
MinimumVisualStudioVersion = 10.0.40219.1
Project("{2150E333-8FDC-42A3-9474-1A3956D46DE8}") = "src", "src", "{B04D0690-5D88-4A79-8E59-0DD39364CB8E}"
EndProject
Project("{2150E333-8FDC-42A3-9474-1A3956D46DE8}") = "test", "test", "{E26E07F8-55DC-4BBC-B62C-DA4129423CD3}"
EndProject
Project("{2150E333-8FDC-42A3-9474-1A3956D46DE8}") = "Solution Files", "Solution Files", "{0F98CA82-2F80-4916-8820-2BEEEC81DBBA}"
	ProjectSection(SolutionItems) = preProject
		global.json = global.json
	EndProjectSection
EndProject
Project("{8BC9CEB8-8B4A-11D0-8D11-00A0C91BC942}") = "CRoaring", "src\CRoaring\CRoaring.vcxproj", "{150191FC-DB90-4B74-9F92-740498B82575}"
EndProject
Project("{8BB2217D-0F2D-49D1-97BC-3654ED321F3B}") = "CRoaring.Net", "src\CRoaring.Net\CRoaring.Net.xproj", "{E17F2E41-9C11-44CB-A96C-E4C75E30FE6D}"
EndProject
Project("{8BB2217D-0F2D-49D1-97BC-3654ED321F3B}") = "CRoaring.Net.Test", "test\CRoaring.Net.Test\CRoaring.Net.Test.xproj", "{9E940A03-84C5-41EB-9344-314AADBEE5A8}"
EndProject
Global
	GlobalSection(SolutionConfigurationPlatforms) = preSolution
		Debug|Any CPU = Debug|Any CPU
		Debug|x64 = Debug|x64
		Debug|x86 = Debug|x86
		Release|Any CPU = Release|Any CPU
		Release|x64 = Release|x64
		Release|x86 = Release|x86
	EndGlobalSection
	GlobalSection(ProjectConfigurationPlatforms) = postSolution
		{150191FC-DB90-4B74-9F92-740498B82575}.Debug|Any CPU.ActiveCfg = Debug|Win32
		{150191FC-DB90-4B74-9F92-740498B82575}.Debug|x64.ActiveCfg = Debug|x64
		{150191FC-DB90-4B74-9F92-740498B82575}.Debug|x64.Build.0 = Debug|x64
		{150191FC-DB90-4B74-9F92-740498B82575}.Debug|x86.ActiveCfg = Debug|Win32
		{150191FC-DB90-4B74-9F92-740498B82575}.Debug|x86.Build.0 = Debug|Win32
		{150191FC-DB90-4B74-9F92-740498B82575}.Release|Any CPU.ActiveCfg = Release|Win32
		{150191FC-DB90-4B74-9F92-740498B82575}.Release|x64.ActiveCfg = Release|x64
		{150191FC-DB90-4B74-9F92-740498B82575}.Release|x64.Build.0 = Release|x64
		{150191FC-DB90-4B74-9F92-740498B82575}.Release|x86.ActiveCfg = Release|Win32
		{150191FC-DB90-4B74-9F92-740498B82575}.Release|x86.Build.0 = Release|Win32
		{E17F2E41-9C11-44CB-A96C-E4C75E30FE6D}.Debug|Any CPU.ActiveCfg = Debug|Any CPU
		{E17F2E41-9C11-44CB-A96C-E4C75E30FE6D}.Debug|Any CPU.Build.0 = Debug|Any CPU
		{E17F2E41-9C11-44CB-A96C-E4C75E30FE6D}.Debug|x64.ActiveCfg = Debug|Any CPU
		{E17F2E41-9C11-44CB-A96C-E4C75E30FE6D}.Debug|x64.Build.0 = Debug|Any CPU
		{E17F2E41-9C11-44CB-A96C-E4C75E30FE6D}.Debug|x86.ActiveCfg = Debug|Any CPU
		{E17F2E41-9C11-44CB-A96C-E4C75E30FE6D}.Debug|x86.Build.0 = Debug|Any CPU
		{E17F2E41-9C11-44CB-A96C-E4C75E30FE6D}.Release|Any CPU.ActiveCfg = Release|Any CPU
		{E17F2E41-9C11-44CB-A96C-E4C75E30FE6D}.Release|Any CPU.Build.0 = Release|Any CPU
		{E17F2E41-9C11-44CB-A96C-E4C75E30FE6D}.Release|x64.ActiveCfg = Release|Any CPU
		{E17F2E41-9C11-44CB-A96C-E4C75E30FE6D}.Release|x64.Build.0 = Release|Any CPU
		{E17F2E41-9C11-44CB-A96C-E4C75E30FE6D}.Release|x86.ActiveCfg = Release|Any CPU
		{E17F2E41-9C11-44CB-A96C-E4C75E30FE6D}.Release|x86.Build.0 = Release|Any CPU
		{9E940A03-84C5-41EB-9344-314AADBEE5A8}.Debug|Any CPU.ActiveCfg = Debug|Any CPU
		{9E940A03-84C5-41EB-9344-314AADBEE5A8}.Debug|Any CPU.Build.0 = Debug|Any CPU
		{9E940A03-84C5-41EB-9344-314AADBEE5A8}.Debug|x64.ActiveCfg = Debug|Any CPU
		{9E940A03-84C5-41EB-9344-314AADBEE5A8}.Debug|x64.Build.0 = Debug|Any CPU
		{9E940A03-84C5-41EB-9344-314AADBEE5A8}.Debug|x86.ActiveCfg = Debug|Any CPU
		{9E940A03-84C5-41EB-9344-314AADBEE5A8}.Debug|x86.Build.0 = Debug|Any CPU
		{9E940A03-84C5-41EB-9344-314AADBEE5A8}.Release|Any CPU.ActiveCfg = Release|Any CPU
		{9E940A03-84C5-41EB-9344-314AADBEE5A8}.Release|Any CPU.Build.0 = Release|Any CPU
		{9E940A03-84C5-41EB-9344-314AADBEE5A8}.Release|x64.ActiveCfg = Release|Any CPU
		{9E940A03-84C5-41EB-9344-314AADBEE5A8}.Release|x64.Build.0 = Release|Any CPU
		{9E940A03-84C5-41EB-9344-314AADBEE5A8}.Release|x86.ActiveCfg = Release|Any CPU
		{9E940A03-84C5-41EB-9344-314AADBEE5A8}.Release|x86.Build.0 = Release|Any CPU
	EndGlobalSection
	GlobalSection(SolutionProperties) = preSolution
		HideSolutionNode = FALSE
	EndGlobalSection
	GlobalSection(NestedProjects) = preSolution
		{150191FC-DB90-4B74-9F92-740498B82575} = {B04D0690-5D88-4A79-8E59-0DD39364CB8E}
		{E17F2E41-9C11-44CB-A96C-E4C75E30FE6D} = {B04D0690-5D88-4A79-8E59-0DD39364CB8E}
		{9E940A03-84C5-41EB-9344-314AADBEE5A8} = {E26E07F8-55DC-4BBC-B62C-DA4129423CD3}
	EndGlobalSection
EndGlobal
